
Microsoft Visual Studio Solution File, Format Version 12.00
# Visual Studio Version 16
VisualStudioVersion = 16.0.31129.286
MinimumVisualStudioVersion = 10.0.40219.1
Project("{9A19103F-16F7-4668-BE54-9A1E7A4F7556}") = "TournamentManager", "TornamentManager\TournamentManager.csproj", "{6E1B2795-3B09-4EA7-AD9B-D5EE1318A263}"
EndProject
Project("{9A19103F-16F7-4668-BE54-9A1E7A4F7556}") = "TournamentManager.Tests", "TestProject1Test\TournamentManager.Tests.csproj", "{56E7F2A0-B912-4AF2-9AAB-1451732FA019}"
EndProject
Global
	GlobalSection(SolutionConfigurationPlatforms) = preSolution
		Debug|Any CPU = Debug|Any CPU
		Release|Any CPU = Release|Any CPU
	EndGlobalSection
	GlobalSection(ProjectConfigurationPlatforms) = postSolution
		{6E1B2795-3B09-4EA7-AD9B-D5EE1318A263}.Debug|Any CPU.ActiveCfg = Debug|Any CPU
		{6E1B2795-3B09-4EA7-AD9B-D5EE1318A263}.Debug|Any CPU.Build.0 = Debug|Any CPU
		{6E1B2795-3B09-4EA7-AD9B-D5EE1318A263}.Release|Any CPU.ActiveCfg = Release|Any CPU
		{6E1B2795-3B09-4EA7-AD9B-D5EE1318A263}.Release|Any CPU.Build.0 = Release|Any CPU
		{56E7F2A0-B912-4AF2-9AAB-1451732FA019}.Debug|Any CPU.ActiveCfg = Debug|Any CPU
		{56E7F2A0-B912-4AF2-9AAB-1451732FA019}.Debug|Any CPU.Build.0 = Debug|Any CPU
		{56E7F2A0-B912-4AF2-9AAB-1451732FA019}.Release|Any CPU.ActiveCfg = Release|Any CPU
		{56E7F2A0-B912-4AF2-9AAB-1451732FA019}.Release|Any CPU.Build.0 = Release|Any CPU
	EndGlobalSection
	GlobalSection(SolutionProperties) = preSolution
		HideSolutionNode = FALSE
	EndGlobalSection
	GlobalSection(ExtensibilityGlobals) = postSolution
		SolutionGuid = {0BFB5F5B-F55A-49D2-8572-B88692967FFF}
	EndGlobalSection
EndGlobal
